
Microsoft Visual Studio Solution File, Format Version 12.00
# Visual Studio Version 16
VisualStudioVersion = 16.0.31613.86
MinimumVisualStudioVersion = 10.0.40219.1
Project("{8BC9CEB8-8B4A-11D0-8D11-00A0C91BC942}") = "New Array Operations", "New Array Operations.vcxproj", "{7A9FDCF3-5E52-4142-B00B-07861D48454E}"
EndProject
Global
	GlobalSection(SolutionConfigurationPlatforms) = preSolution
		Debug|x64 = Debug|x64
		Debug|x86 = Debug|x86
		Release|x64 = Release|x64
		Release|x86 = Release|x86
	EndGlobalSection
	GlobalSection(ProjectConfigurationPlatforms) = postSolution
		{7A9FDCF3-5E52-4142-B00B-07861D48454E}.Debug|x64.ActiveCfg = Debug|x64
		{7A9FDCF3-5E52-4142-B00B-07861D48454E}.Debug|x64.Build.0 = Debug|x64
		{7A9FDCF3-5E52-4142-B00B-07861D48454E}.Debug|x86.ActiveCfg = Debug|Win32
		{7A9FDCF3-5E52-4142-B00B-07861D48454E}.Debug|x86.Build.0 = Debug|Win32
		{7A9FDCF3-5E52-4142-B00B-07861D48454E}.Release|x64.ActiveCfg = Release|x64
		{7A9FDCF3-5E52-4142-B00B-07861D48454E}.Release|x64.Build.0 = Release|x64
		{7A9FDCF3-5E52-4142-B00B-07861D48454E}.Release|x86.ActiveCfg = Release|Win32
		{7A9FDCF3-5E52-4142-B00B-07861D48454E}.Release|x86.Build.0 = Release|Win32
	EndGlobalSection
	GlobalSection(SolutionProperties) = preSolution
		HideSolutionNode = FALSE
	EndGlobalSection
	GlobalSection(ExtensibilityGlobals) = postSolution
		SolutionGuid = {A8115793-8A0B-4EBE-B75C-29E8CD8BD571}
	EndGlobalSection
EndGlobal
